
Microsoft Visual Studio Solution File, Format Version 12.00
# Visual Studio 15
VisualStudioVersion = 15.0.28307.1145
MinimumVisualStudioVersion = 10.0.40219.1
Project("{FAE04EC0-301F-11D3-BF4B-00C04F79EFBC}") = "Ga", "Ga\Ga.csproj", "{14C87539-F125-4074-8931-8943A48D770B}"
EndProject
Global
	GlobalSection(SolutionConfigurationPlatforms) = preSolution
		Debug|Any CPU = Debug|Any CPU
		Release|Any CPU = Release|Any CPU
	EndGlobalSection
	GlobalSection(ProjectConfigurationPlatforms) = postSolution
		{14C87539-F125-4074-8931-8943A48D770B}.Debug|Any CPU.ActiveCfg = Debug|Any CPU
		{14C87539-F125-4074-8931-8943A48D770B}.Debug|Any CPU.Build.0 = Debug|Any CPU
		{14C87539-F125-4074-8931-8943A48D770B}.Release|Any CPU.ActiveCfg = Release|Any CPU
		{14C87539-F125-4074-8931-8943A48D770B}.Release|Any CPU.Build.0 = Release|Any CPU
	EndGlobalSection
	GlobalSection(SolutionProperties) = preSolution
		HideSolutionNode = FALSE
	EndGlobalSection
	GlobalSection(ExtensibilityGlobals) = postSolution
		SolutionGuid = {FFB68A6B-9CE5-4007-9CA5-7E74005C1C09}
	EndGlobalSection
EndGlobal
