
Microsoft Visual Studio Solution File, Format Version 12.00
# Visual Studio 15
VisualStudioVersion = 15.0.28307.1145
MinimumVisualStudioVersion = 10.0.40219.1
Project("{FAE04EC0-301F-11D3-BF4B-00C04F79EFBC}") = "PruebaDesdeVisual", "PruebaDesdeVisual\PruebaDesdeVisual.csproj", "{66B7FD5B-F30F-4384-8F77-D30B99786C5E}"
EndProject
Global
	GlobalSection(SolutionConfigurationPlatforms) = preSolution
		Debug|Any CPU = Debug|Any CPU
		Release|Any CPU = Release|Any CPU
	EndGlobalSection
	GlobalSection(ProjectConfigurationPlatforms) = postSolution
		{66B7FD5B-F30F-4384-8F77-D30B99786C5E}.Debug|Any CPU.ActiveCfg = Debug|Any CPU
		{66B7FD5B-F30F-4384-8F77-D30B99786C5E}.Debug|Any CPU.Build.0 = Debug|Any CPU
		{66B7FD5B-F30F-4384-8F77-D30B99786C5E}.Release|Any CPU.ActiveCfg = Release|Any CPU
		{66B7FD5B-F30F-4384-8F77-D30B99786C5E}.Release|Any CPU.Build.0 = Release|Any CPU
	EndGlobalSection
	GlobalSection(SolutionProperties) = preSolution
		HideSolutionNode = FALSE
	EndGlobalSection
	GlobalSection(ExtensibilityGlobals) = postSolution
		SolutionGuid = {2BFB3AF9-E5C7-4B93-883A-C6772B3F4258}
	EndGlobalSection
EndGlobal
